{
  "version": "5",
  "specifiers": {
    "jsr:@std/assert@^1.0.11": "1.0.13",
    "jsr:@std/cli@^1.0.11": "1.0.17",
    "jsr:@std/internal@^1.0.6": "1.0.6",
    "jsr:@std/path@^1.0.8": "1.0.9",
    "jsr:@std/yaml@^1.0.5": "1.0.6",
    "npm:handlebars@*": "4.7.8",
    "npm:handlebars@^4.7.8": "4.7.8"
  },
  "jsr": {
    "@std/assert@1.0.13": {
      "integrity": "ae0d31e41919b12c656c742b22522c32fb26ed0cba32975cb0de2a273cb68b29",
      "dependencies": [
        "jsr:@std/internal"
      ]
    },
    "@std/cli@1.0.17": {
      "integrity": "e15b9abe629e17be90cc6216327f03a29eae613365f1353837fa749aad29ce7b"
    },
    "@std/internal@1.0.6": {
      "integrity": "9533b128f230f73bd209408bb07a4b12f8d4255ab2a4d22a1fd6d87304aca9a4"
    },
    "@std/path@1.0.9": {
      "integrity": "260a49f11edd3db93dd38350bf9cd1b4d1366afa98e81b86167b4e3dd750129e"
    },
    "@std/yaml@1.0.6": {
      "integrity": "c9a5a914e1d51c46756cb10e356710035cfa905e713c90d3b711413fd3aead27"
    }
  },
  "npm": {
    "handlebars@4.7.8": {
      "integrity": "sha512-vafaFqs8MZkRrSX7sFVUdo3ap/eNiLnb4IakshzvP56X5Nr1iGKAIqdX6tMlm6HcNRIkr6AxO5jFEoJzzpT8aQ==",
      "dependencies": [
        "minimist",
        "neo-async",
        "source-map",
        "wordwrap"
      ],
      "optionalDependencies": [
        "uglify-js"
      ],
      "bin": true
    },
    "minimist@1.2.8": {
      "integrity": "sha512-2yyAR8qBkN3YuheJanUpWC5U3bb5osDywNB8RzDVlDwDHbocAJveqqj1u8+SVD7jkWT4yvsHCpWqqWqAxb0zCA=="
    },
    "neo-async@2.6.2": {
      "integrity": "sha512-Yd3UES5mWCSqR+qNT93S3UoYUkqAZ9lLg8a7g9rimsWmYGK8cVToA4/sF3RrshdyV3sAGMXVUmpMYOw+dLpOuw=="
    },
    "source-map@0.6.1": {
      "integrity": "sha512-UjgapumWlbMhkBgzT7Ykc5YXUT46F0iKu8SGXq0bcwP5dz/h0Plj6enJqjz1Zbq2l5WaqYnrVbwWOWMyF3F47g=="
    },
    "uglify-js@3.19.3": {
      "integrity": "sha512-v3Xu+yuwBXisp6QYTcH4UbH+xYJXqnq2m/LtQVWKWzYc1iehYnLixoQDN9FH6/j9/oybfd6W9Ghwkl8+UMKTKQ==",
      "bin": true
    },
    "wordwrap@1.0.0": {
      "integrity": "sha512-gvVzJFlPycKc5dZN4yPkP8w7Dc37BtP1yczEneOb4uq34pXZcvrtRTmWV8W+Ume+XCxKgbjM+nevkyFPMybd4Q=="
    }
  },
  "remote": {
    "https://caltechlibrary.github.io/metadatatools/arxiv.ts": "78b54cd78dfacd62fb86d6ee93bdedd52575f866cc17f357614fc36a6a1f2490",
    "https://caltechlibrary.github.io/metadatatools/arxiv_record.ts": "0d7e5bc6848272e7a71049bb0e0988ad3b627f37dbc41b7943f6cfe74f002b57",
    "https://caltechlibrary.github.io/metadatatools/doi.ts": "2cdd53e1b0c502c1d8b47d46ba3a38fd245ac58009644a912f4bd042e56351a4",
    "https://caltechlibrary.github.io/metadatatools/doi_record.ts": "e47b6c6222158e9ba7f3fd9f0971968a5c18aa18a23c9f4778e1621dadf972a8",
    "https://caltechlibrary.github.io/metadatatools/email.ts": "d8df1ff1e6844b34fb3f7eee5f3dd2f06be9c2422d98bab3bab31884e9371573",
    "https://caltechlibrary.github.io/metadatatools/isbn.ts": "c1aecb974574483f971ca65aa5dd3217f703b78c6a441676cd676494e5c91898",
    "https://caltechlibrary.github.io/metadatatools/isbn_record.ts": "7a770aac2549cf41ba2e8f32226cd0c871d6886c564add9a469847e50c15d123",
    "https://caltechlibrary.github.io/metadatatools/isni.ts": "15b6b89e70cb3cc340bd0118fcbd62504dbe4b331fc23a88e5b09b56f4bc0c0e",
    "https://caltechlibrary.github.io/metadatatools/isni_record.ts": "94828ce4cce5099867e39db9834db08fd770b5cc66a201b905b81c36607f9049",
    "https://caltechlibrary.github.io/metadatatools/issn.ts": "9e249c2f2a284e57e61c8b85170f9eece70816eb42f19d3be1357a6534516782",
    "https://caltechlibrary.github.io/metadatatools/issn_record.ts": "8d0d65b3411fc21eb8a58d53abde19c7a4a3600c1f8eb30e7986f421044fe924",
    "https://caltechlibrary.github.io/metadatatools/lcnaf.ts": "a0e9acdb7b11afe7dbb10274fe49849ef99083a19baecff2a7777d5139ad3d82",
    "https://caltechlibrary.github.io/metadatatools/lcnaf_record.ts": "3767dfeddf07e54ea5b5454c242b6f55a2153be9d544fb1ee250e42721aac182",
    "https://caltechlibrary.github.io/metadatatools/mod.ts": "78d0091db39499be95cca5febf38049efafcfab5cef5c136031f145e609e5aaa",
    "https://caltechlibrary.github.io/metadatatools/orcid.ts": "f7d746f3ed64d0ac65223be430ed4bae546a018eed40bb0666aa15d974435d8a",
    "https://caltechlibrary.github.io/metadatatools/orcid_record.ts": "e174552951f6ae2916d5700636b40c197da72f3b37f4525c9130b46e1170f670",
    "https://caltechlibrary.github.io/metadatatools/pmcid.ts": "21d1ac871562907862296944653cef4d632e02245fd1b33376d73f2e76c27461",
    "https://caltechlibrary.github.io/metadatatools/pmcid_record.ts": "aad1c3b63d39140acc36a230453229215409f2b28d529045b4c81b7c4f038608",
    "https://caltechlibrary.github.io/metadatatools/pmid.ts": "048b4054f660a84c1ebd09e50fc3a2d8ae0b5099f708dbeb5fa0ad10e604987b",
    "https://caltechlibrary.github.io/metadatatools/pmid_record.ts": "5cf373683eb48d1d674751186e3de253e07959f1c742169cf72e2dbcd7a6c30f",
    "https://caltechlibrary.github.io/metadatatools/ror.ts": "46880b8203673de87fa209a94e371a9affacc6159777ad597660d67427d36a98",
    "https://caltechlibrary.github.io/metadatatools/ror_record.ts": "bfd6a29a84198451fc89f08cdef5cfc7825e9e0a74924fd4072412cb3851612b",
    "https://caltechlibrary.github.io/metadatatools/snac.ts": "714ee391909b164e9a192d247d617a72010068b418695a4b73812e10f9527d1d",
    "https://caltechlibrary.github.io/metadatatools/snac_record.ts": "874b64cff8a096c9ade7a9ddad06ffb5bb06a6bb9581106db1f1b2886b0d4c98",
    "https://caltechlibrary.github.io/metadatatools/tel.ts": "7048f37e67eeffea7bbb308d8f9bbecc623239b6e241131468d46c8f8e5e88e9",
    "https://caltechlibrary.github.io/metadatatools/utility.ts": "4c235d97f602693d0238b9db93b243c89ce03267023b81207339f2730cde7b84",
    "https://caltechlibrary.github.io/metadatatools/version.ts": "0d34499fbc0b95b0acbd13faf22d1498b59b0437804aa2f453021f06331186be",
    "https://caltechlibrary.github.io/metadatatools/viaf.ts": "ca8eeab2689aca0c9787b844a8b7a232f47714c462590ec4b4daf6fb2a003f9b",
    "https://caltechlibrary.github.io/metadatatools/viaf_record.ts": "7cefe217c60269a6b88a161e4627d2e7b0ed0663f655668a11fc920e3c2855cd"
  },
  "workspace": {
    "dependencies": [
      "jsr:@libs/markdown@^2.0.2",
      "jsr:@std/assert@^1.0.11",
      "jsr:@std/cli@^1.0.11",
      "jsr:@std/path@^1.0.8",
      "jsr:@std/yaml@^1.0.5",
      "npm:handlebars@^4.7.8"
    ]
  }
}
